
Microsoft Visual Studio Solution File, Format Version 12.00
# Visual Studio 15
VisualStudioVersion = 15.0.26730.12
MinimumVisualStudioVersion = 10.0.40219.1
Project("{FAE04EC0-301F-11D3-BF4B-00C04F79EFBC}") = "ExceptionHandling", "ExceptionHandling\ExceptionHandling.csproj", "{B9BA13EF-5BD2-4A79-8A4C-11BA10F29178}"
EndProject
Global
	GlobalSection(SolutionConfigurationPlatforms) = preSolution
		Debug|Any CPU = Debug|Any CPU
		Release|Any CPU = Release|Any CPU
	EndGlobalSection
	GlobalSection(ProjectConfigurationPlatforms) = postSolution
		{B9BA13EF-5BD2-4A79-8A4C-11BA10F29178}.Debug|Any CPU.ActiveCfg = Debug|Any CPU
		{B9BA13EF-5BD2-4A79-8A4C-11BA10F29178}.Debug|Any CPU.Build.0 = Debug|Any CPU
		{B9BA13EF-5BD2-4A79-8A4C-11BA10F29178}.Release|Any CPU.ActiveCfg = Release|Any CPU
		{B9BA13EF-5BD2-4A79-8A4C-11BA10F29178}.Release|Any CPU.Build.0 = Release|Any CPU
	EndGlobalSection
	GlobalSection(SolutionProperties) = preSolution
		HideSolutionNode = FALSE
	EndGlobalSection
	GlobalSection(ExtensibilityGlobals) = postSolution
		SolutionGuid = {6346019F-3A01-4F02-AB02-76324C46CBB6}
	EndGlobalSection
EndGlobal
